<?xml version="1.0" encoding="utf-8"?>
<Project ToolsVersion="4.0" xmlns="http://schemas.microsoft.com/developer/msbuild/2003">
  <ItemGroup>
    <Filter Include="Source Files">
      <UniqueIdentifier>{4FC737F1-C7A5-4376-A066-2A32D752A2FF}</UniqueIdentifier>
      <Extensions>cpp;c;cc;cxx;c++;cppm;ixx;def;odl;idl;hpj;bat;asm;asmx</Extensions>
    </Filter>
    <Filter Include="Header Files">
      <UniqueIdentifier>{93995380-89BD-4b04-88EB-625FBE52EBFB}</UniqueIdentifier>
      <Extensions>h;hh;hpp;hxx;h++;hm;inl;inc;ipp;xsd</Extensions>
    </Filter>
    <Filter Include="Resource Files">
      <UniqueIdentifier>{67DA6AB6-F800-4c08-8B7A-83BB121AAD01}</UniqueIdentifier>
      <Extensions>rc;ico;cur;bmp;dlg;rc2;rct;bin;rgs;gif;jpg;jpeg;jpe;resx;tiff;tif;png;wav;mfcribbon-ms</Extensions>
    </Filter>
    <Filter Include="Source Files\Object">
      <UniqueIdentifier>{5194d0ea-90e1-4380-af39-e4d1a9d09cf6}</UniqueIdentifier>
    </Filter>
    <Filter Include="Source Files\Light">
      <UniqueIdentifier>{a9c3e692-66b0-45ea-9d62-697989624fc9}</UniqueIdentifier>
    </Filter>
    <Filter Include="Source Files\Utility">
      <UniqueIdentifier>{7254c79f-882a-47cd-b920-cfd631083094}</UniqueIdentifier>
    </Filter>
    <Filter Include="Source Files\Algebra">
      <UniqueIdentifier>{245780e9-8c13-4117-b652-f00a9970a570}</UniqueIdentifier>
    </Filter>
    <Filter Include="Source Files\Algebra\Header">
      <UniqueIdentifier>{1831f298-c1cb-42bc-b9bd-137259625287}</UniqueIdentifier>
    </Filter>
    <Filter Include="Source Files\Algebra\Source">
      <UniqueIdentifier>{e7de539b-076b-4906-8d94-d0f78ea40e4f}</UniqueIdentifier>
    </Filter>
    <Filter Include="Source Files\Render">
      <UniqueIdentifier>{67dbe070-a2fa-4a86-8b30-3cbb1f24303f}</UniqueIdentifier>
    </Filter>
  </ItemGroup>
  <ItemGroup>
    <ClInclude Include="code\Box.hpp">
      <Filter>Source Files\Object</Filter>
    </ClInclude>
    <ClInclude Include="code\BVH.hpp">
      <Filter>Source Files\Object</Filter>
    </ClInclude>
    <ClInclude Include="code\Group.hpp">
      <Filter>Source Files\Object</Filter>
    </ClInclude>
    <ClInclude Include="code\Object3d.hpp">
      <Filter>Source Files\Object</Filter>
    </ClInclude>
    <ClInclude Include="code\BitmapImage.hpp">
      <Filter>Source Files\Utility</Filter>
    </ClInclude>
    <ClInclude Include="code\Camera.hpp">
      <Filter>Source Files\Utility</Filter>
    </ClInclude>
    <ClInclude Include="code\Hit.hpp">
      <Filter>Source Files\Utility</Filter>
    </ClInclude>
    <ClInclude Include="code\Image.hpp">
      <Filter>Source Files\Utility</Filter>
    </ClInclude>
    <ClInclude Include="code\Light.hpp">
      <Filter>Source Files\Light</Filter>
    </ClInclude>
    <ClInclude Include="code\LightGroup.hpp">
      <Filter>Source Files\Light</Filter>
    </ClInclude>
    <ClInclude Include="code\LightSphere.hpp">
      <Filter>Source Files\Light</Filter>
    </ClInclude>
    <ClInclude Include="code\LightObject.hpp">
      <Filter>Source Files\Light</Filter>
    </ClInclude>
    <ClInclude Include="code\LightTriangle.hpp">
      <Filter>Source Files\Light</Filter>
    </ClInclude>
    <ClInclude Include="code\Material.hpp">
      <Filter>Source Files\Utility</Filter>
    </ClInclude>
    <ClInclude Include="code\Matrix2f.h">
      <Filter>Source Files\Algebra\Header</Filter>
    </ClInclude>
    <ClInclude Include="code\Matrix3f.h">
      <Filter>Source Files\Algebra\Header</Filter>
    </ClInclude>
    <ClInclude Include="code\Matrix4f.h">
      <Filter>Source Files\Algebra\Header</Filter>
    </ClInclude>
    <ClInclude Include="code\Mesh.hpp">
      <Filter>Source Files\Object</Filter>
    </ClInclude>
    <ClInclude Include="code\Plane.hpp">
      <Filter>Source Files\Object</Filter>
    </ClInclude>
    <ClInclude Include="code\Quat4f.h">
      <Filter>Source Files\Algebra\Header</Filter>
    </ClInclude>
    <ClInclude Include="code\Ray.hpp">
      <Filter>Source Files\Utility</Filter>
    </ClInclude>
    <ClInclude Include="code\SceneParser.hpp">
      <Filter>Source Files\Utility</Filter>
    </ClInclude>
    <ClInclude Include="code\Sphere.hpp">
      <Filter>Source Files\Object</Filter>
    </ClInclude>
    <ClInclude Include="code\Texture.hpp">
      <Filter>Source Files\Utility</Filter>
    </ClInclude>
    <ClInclude Include="code\Transform.hpp">
      <Filter>Source Files\Object</Filter>
    </ClInclude>
    <ClInclude Include="code\Triangle.hpp">
      <Filter>Source Files\Object</Filter>
    </ClInclude>
    <ClInclude Include="code\Vecmath.h">
      <Filter>Source Files\Algebra\Header</Filter>
    </ClInclude>
    <ClInclude Include="code\Vector2f.h">
      <Filter>Source Files\Algebra\Header</Filter>
    </ClInclude>
    <ClInclude Include="code\Vector3f.h">
      <Filter>Source Files\Algebra\Header</Filter>
    </ClInclude>
    <ClInclude Include="code\Vector4f.h">
      <Filter>Source Files\Algebra\Header</Filter>
    </ClInclude>
    <ClInclude Include="code\Velocity.hpp">
      <Filter>Source Files\Object</Filter>
    </ClInclude>
    <ClInclude Include="code\Render.hpp">
      <Filter>Source Files\Render</Filter>
    </ClInclude>
    <ClInclude Include="code\MCTracer.hpp">
      <Filter>Source Files\Render</Filter>
    </ClInclude>
    <ClInclude Include="code\Configuration.hpp">
      <Filter>Source Files\Render</Filter>
    </ClInclude>
    <ClInclude Include="code\File.hpp">
      <Filter>Source Files\Utility</Filter>
    </ClInclude>
  </ItemGroup>
  <ItemGroup>
    <ClCompile Include="code\main.cpp">
      <Filter>Source Files</Filter>
    </ClCompile>
    <ClCompile Include="code\BVH.cpp">
      <Filter>Source Files\Object</Filter>
    </ClCompile>
    <ClCompile Include="code\Image.cpp">
      <Filter>Source Files\Utility</Filter>
    </ClCompile>
    <ClCompile Include="code\Material.cpp">
      <Filter>Source Files\Utility</Filter>
    </ClCompile>
    <ClCompile Include="code\Matrix2f.cpp">
      <Filter>Source Files\Algebra\Source</Filter>
    </ClCompile>
    <ClCompile Include="code\Matrix3f.cpp">
      <Filter>Source Files\Algebra\Source</Filter>
    </ClCompile>
    <ClCompile Include="code\Matrix4f.cpp">
      <Filter>Source Files\Algebra\Source</Filter>
    </ClCompile>
    <ClCompile Include="code\Mesh.cpp">
      <Filter>Source Files\Object</Filter>
    </ClCompile>
    <ClCompile Include="code\Quat4f.cpp">
      <Filter>Source Files\Algebra\Source</Filter>
    </ClCompile>
    <ClCompile Include="code\SceneParser.cpp">
      <Filter>Source Files\Utility</Filter>
    </ClCompile>
    <ClCompile Include="code\Vector3f.cpp">
      <Filter>Source Files\Algebra\Source</Filter>
    </ClCompile>
    <ClCompile Include="code\Vector2f.cpp">
      <Filter>Source Files\Algebra\Source</Filter>
    </ClCompile>
    <ClCompile Include="code\Vector4f.cpp">
      <Filter>Source Files\Algebra\Source</Filter>
    </ClCompile>
  </ItemGroup>
</Project>